
Microsoft Visual Studio Solution File, Format Version 12.00
# Visual Studio 15
VisualStudioVersion = 15.0.28307.1340
MinimumVisualStudioVersion = 10.0.40219.1
Project("{8BC9CEB8-8B4A-11D0-8D11-00A0C91BC942}") = "MuaClient", "MuaClient\MuaClient.vcxproj", "{6A28A286-A202-49F7-A97F-414CA0E77A28}"
EndProject
Project("{8BC9CEB8-8B4A-11D0-8D11-00A0C91BC942}") = "TestRunMuaClientDll", "TestRunMuaClientDll\TestRunMuaClientDll.vcxproj", "{C7659F8F-6D95-4378-A4DB-F5D6603AF8B4}"
	ProjectSection(ProjectDependencies) = postProject
		{6A28A286-A202-49F7-A97F-414CA0E77A28} = {6A28A286-A202-49F7-A97F-414CA0E77A28}
	EndProjectSection
EndProject
Global
	GlobalSection(SolutionConfigurationPlatforms) = preSolution
		Debug|x86 = Debug|x86
		Release|x86 = Release|x86
	EndGlobalSection
	GlobalSection(ProjectConfigurationPlatforms) = postSolution
		{6A28A286-A202-49F7-A97F-414CA0E77A28}.Debug|x86.ActiveCfg = Debug|Win32
		{6A28A286-A202-49F7-A97F-414CA0E77A28}.Debug|x86.Build.0 = Debug|Win32
		{6A28A286-A202-49F7-A97F-414CA0E77A28}.Release|x86.ActiveCfg = Release|Win32
		{6A28A286-A202-49F7-A97F-414CA0E77A28}.Release|x86.Build.0 = Release|Win32
		{C7659F8F-6D95-4378-A4DB-F5D6603AF8B4}.Debug|x86.ActiveCfg = Debug|Win32
		{C7659F8F-6D95-4378-A4DB-F5D6603AF8B4}.Release|x86.ActiveCfg = Release|Win32
		{C7659F8F-6D95-4378-A4DB-F5D6603AF8B4}.Release|x86.Build.0 = Release|Win32
	EndGlobalSection
	GlobalSection(SolutionProperties) = preSolution
		HideSolutionNode = FALSE
	EndGlobalSection
	GlobalSection(ExtensibilityGlobals) = postSolution
		SolutionGuid = {726BDE7F-5D0E-4DFC-B7D9-36D4A456730B}
	EndGlobalSection
EndGlobal
